<Solution>
  <Folder Name="/src/">
    <Project Path="src/StorageChronicle.Domain/StorageChronicle.Domain.csproj" />
    <Project Path="src/StorageChronicle.Contracts/StorageChronicle.Contracts.csproj" />
    <Project Path="src/StorageChronicle.Platform.Abstractions/StorageChronicle.Platform.Abstractions.csproj" />
    <Project Path="src/StorageChronicle.UI.Shared/StorageChronicle.UI.Shared.csproj" />
    <Project Path="src/StorageChronicle.UI.Desktop/StorageChronicle.UI.Desktop.csproj" />
  </Folder>
  <Folder Name="/tests/">
    <Project Path="tests/StorageChronicle.Domain.Tests/StorageChronicle.Domain.Tests.csproj" />
  </Folder>
</Solution>
